
Microsoft Visual Studio Solution File, Format Version 12.00
# Visual Studio Version 16
VisualStudioVersion = 16.0.29326.143
MinimumVisualStudioVersion = 10.0.40219.1
Project("{FAE04EC0-301F-11D3-BF4B-00C04F79EFBC}") = "ForEachAlex", "ForEachAlex\ForEachAlex.csproj", "{822FBDD8-DC05-4265-A70E-E095448FE06F}"
EndProject
Global
	GlobalSection(SolutionConfigurationPlatforms) = preSolution
		Debug|Any CPU = Debug|Any CPU
		Release|Any CPU = Release|Any CPU
	EndGlobalSection
	GlobalSection(ProjectConfigurationPlatforms) = postSolution
		{822FBDD8-DC05-4265-A70E-E095448FE06F}.Debug|Any CPU.ActiveCfg = Debug|Any CPU
		{822FBDD8-DC05-4265-A70E-E095448FE06F}.Debug|Any CPU.Build.0 = Debug|Any CPU
		{822FBDD8-DC05-4265-A70E-E095448FE06F}.Release|Any CPU.ActiveCfg = Release|Any CPU
		{822FBDD8-DC05-4265-A70E-E095448FE06F}.Release|Any CPU.Build.0 = Release|Any CPU
	EndGlobalSection
	GlobalSection(SolutionProperties) = preSolution
		HideSolutionNode = FALSE
	EndGlobalSection
	GlobalSection(ExtensibilityGlobals) = postSolution
		SolutionGuid = {BFA885B4-BDF6-4510-A672-7DE9EB389BD5}
	EndGlobalSection
EndGlobal
